
Microsoft Visual Studio Solution File, Format Version 12.00
# Visual Studio Version 17
VisualStudioVersion = 17.0.31903.59
MinimumVisualStudioVersion = 10.0.40219.1
Project("{FAE04EC0-301F-11D3-BF4B-00C04F79EFBC}") = "FullstackOps.Api", "FullstackOps.Api\FullstackOps.Api.csproj", "{BAF1E303-CB90-4236-906A-EB78D4CB8B69}"
EndProject
Project("{FAE04EC0-301F-11D3-BF4B-00C04F79EFBC}") = "FullstackOps.Api.UnitTests", "FullstackOps.Api.UnitTests\FullstackOps.Api.UnitTests.csproj", "{8CC45151-2968-405C-9293-6AAC71DE458A}"
EndProject
Project("{FAE04EC0-301F-11D3-BF4B-00C04F79EFBC}") = "FullstackOps.Api.IntegrationTests", "FullstackOps.Api.IntegrationTests\FullstackOps.Api.IntegrationTests.csproj", "{73AE3769-5428-4AB6-8867-63BBCED98860}"
EndProject
Global
	GlobalSection(SolutionConfigurationPlatforms) = preSolution
		Debug|Any CPU = Debug|Any CPU
		Debug|x64 = Debug|x64
		Debug|x86 = Debug|x86
		Release|Any CPU = Release|Any CPU
		Release|x64 = Release|x64
		Release|x86 = Release|x86
	EndGlobalSection
	GlobalSection(ProjectConfigurationPlatforms) = postSolution
		{BAF1E303-CB90-4236-906A-EB78D4CB8B69}.Debug|Any CPU.ActiveCfg = Debug|Any CPU
		{BAF1E303-CB90-4236-906A-EB78D4CB8B69}.Debug|Any CPU.Build.0 = Debug|Any CPU
		{BAF1E303-CB90-4236-906A-EB78D4CB8B69}.Debug|x64.ActiveCfg = Debug|Any CPU
		{BAF1E303-CB90-4236-906A-EB78D4CB8B69}.Debug|x64.Build.0 = Debug|Any CPU
		{BAF1E303-CB90-4236-906A-EB78D4CB8B69}.Debug|x86.ActiveCfg = Debug|Any CPU
		{BAF1E303-CB90-4236-906A-EB78D4CB8B69}.Debug|x86.Build.0 = Debug|Any CPU
		{BAF1E303-CB90-4236-906A-EB78D4CB8B69}.Release|Any CPU.ActiveCfg = Release|Any CPU
		{BAF1E303-CB90-4236-906A-EB78D4CB8B69}.Release|Any CPU.Build.0 = Release|Any CPU
		{BAF1E303-CB90-4236-906A-EB78D4CB8B69}.Release|x64.ActiveCfg = Release|Any CPU
		{BAF1E303-CB90-4236-906A-EB78D4CB8B69}.Release|x64.Build.0 = Release|Any CPU
		{BAF1E303-CB90-4236-906A-EB78D4CB8B69}.Release|x86.ActiveCfg = Release|Any CPU
		{BAF1E303-CB90-4236-906A-EB78D4CB8B69}.Release|x86.Build.0 = Release|Any CPU
		{8CC45151-2968-405C-9293-6AAC71DE458A}.Debug|Any CPU.ActiveCfg = Debug|Any CPU
		{8CC45151-2968-405C-9293-6AAC71DE458A}.Debug|Any CPU.Build.0 = Debug|Any CPU
		{8CC45151-2968-405C-9293-6AAC71DE458A}.Debug|x64.ActiveCfg = Debug|Any CPU
		{8CC45151-2968-405C-9293-6AAC71DE458A}.Debug|x64.Build.0 = Debug|Any CPU
		{8CC45151-2968-405C-9293-6AAC71DE458A}.Debug|x86.ActiveCfg = Debug|Any CPU
		{8CC45151-2968-405C-9293-6AAC71DE458A}.Debug|x86.Build.0 = Debug|Any CPU
		{8CC45151-2968-405C-9293-6AAC71DE458A}.Release|Any CPU.ActiveCfg = Release|Any CPU
		{8CC45151-2968-405C-9293-6AAC71DE458A}.Release|Any CPU.Build.0 = Release|Any CPU
		{8CC45151-2968-405C-9293-6AAC71DE458A}.Release|x64.ActiveCfg = Release|Any CPU
		{8CC45151-2968-405C-9293-6AAC71DE458A}.Release|x64.Build.0 = Release|Any CPU
		{8CC45151-2968-405C-9293-6AAC71DE458A}.Release|x86.ActiveCfg = Release|Any CPU
		{8CC45151-2968-405C-9293-6AAC71DE458A}.Release|x86.Build.0 = Release|Any CPU
		{73AE3769-5428-4AB6-8867-63BBCED98860}.Debug|Any CPU.ActiveCfg = Debug|Any CPU
		{73AE3769-5428-4AB6-8867-63BBCED98860}.Debug|Any CPU.Build.0 = Debug|Any CPU
		{73AE3769-5428-4AB6-8867-63BBCED98860}.Debug|x64.ActiveCfg = Debug|Any CPU
		{73AE3769-5428-4AB6-8867-63BBCED98860}.Debug|x64.Build.0 = Debug|Any CPU
		{73AE3769-5428-4AB6-8867-63BBCED98860}.Debug|x86.ActiveCfg = Debug|Any CPU
		{73AE3769-5428-4AB6-8867-63BBCED98860}.Debug|x86.Build.0 = Debug|Any CPU
		{73AE3769-5428-4AB6-8867-63BBCED98860}.Release|Any CPU.ActiveCfg = Release|Any CPU
		{73AE3769-5428-4AB6-8867-63BBCED98860}.Release|Any CPU.Build.0 = Release|Any CPU
		{73AE3769-5428-4AB6-8867-63BBCED98860}.Release|x64.ActiveCfg = Release|Any CPU
		{73AE3769-5428-4AB6-8867-63BBCED98860}.Release|x64.Build.0 = Release|Any CPU
		{73AE3769-5428-4AB6-8867-63BBCED98860}.Release|x86.ActiveCfg = Release|Any CPU
		{73AE3769-5428-4AB6-8867-63BBCED98860}.Release|x86.Build.0 = Release|Any CPU
	EndGlobalSection
	GlobalSection(SolutionProperties) = preSolution
		HideSolutionNode = FALSE
	EndGlobalSection
EndGlobal
